<?xml version="1.0" encoding="utf-8"?>
<Project ToolsVersion="4.0" xmlns="http://schemas.microsoft.com/developer/msbuild/2003">
  <ItemGroup>
    <Filter Include="Source Files">
      <UniqueIdentifier>{4FC737F1-C7A5-4376-A066-2A32D752A2FF}</UniqueIdentifier>
      <Extensions>cpp;c;cc;cxx;def;odl;idl;hpj;bat;asm;asmx</Extensions>
    </Filter>
    <Filter Include="Header Files">
      <UniqueIdentifier>{93995380-89BD-4b04-88EB-625FBE52EBFB}</UniqueIdentifier>
      <Extensions>h;hh;hpp;hxx;hm;inl;inc;ipp;xsd</Extensions>
    </Filter>
    <Filter Include="Resource Files">
      <UniqueIdentifier>{67DA6AB6-F800-4c08-8B7A-83BB121AAD01}</UniqueIdentifier>
      <Extensions>rc;ico;cur;bmp;dlg;rc2;rct;bin;rgs;gif;jpg;jpeg;jpe;resx;tiff;tif;png;wav;mfcribbon-ms</Extensions>
    </Filter>
    <Filter Include="Source Files\SceneManager">
      <UniqueIdentifier>{72e0011d-f9da-4a42-89a9-ddf4c3d2a269}</UniqueIdentifier>
    </Filter>
    <Filter Include="Header Files\SceneManager">
      <UniqueIdentifier>{80ad7cbf-8146-492e-bbd7-a32d7cbf38f7}</UniqueIdentifier>
    </Filter>
  </ItemGroup>
  <ItemGroup>
    <ClCompile Include="main.cpp">
      <Filter>Source Files</Filter>
    </ClCompile>
    <ClCompile Include="SceneManager\sceneManager.cpp">
      <Filter>Source Files\SceneManager</Filter>
    </ClCompile>
    <ClCompile Include="SceneManager\scGame.cpp">
      <Filter>Source Files\SceneManager</Filter>
    </ClCompile>
    <ClCompile Include="SceneManager\scGameOver.cpp">
      <Filter>Source Files\SceneManager</Filter>
    </ClCompile>
    <ClCompile Include="SceneManager\scIntro.cpp">
      <Filter>Source Files\SceneManager</Filter>
    </ClCompile>
    <ClCompile Include="SceneManager\scMenu.cpp">
      <Filter>Source Files\SceneManager</Filter>
    </ClCompile>
    <ClCompile Include="sprite.cpp">
      <Filter>Source Files</Filter>
    </ClCompile>
    <ClCompile Include="animatedsprite.cpp">
      <Filter>Source Files</Filter>
    </ClCompile>
    <ClCompile Include="player.cpp">
      <Filter>Source Files</Filter>
    </ClCompile>
  </ItemGroup>
  <ItemGroup>
    <ClInclude Include="animatedsprite.h">
      <Filter>Header Files</Filter>
    </ClInclude>
    <ClInclude Include="globals.h">
      <Filter>Header Files</Filter>
    </ClInclude>
    <ClInclude Include="player.h">
      <Filter>Header Files</Filter>
    </ClInclude>
    <ClInclude Include="sprite.h">
      <Filter>Header Files</Filter>
    </ClInclude>
    <ClInclude Include="SceneManager\sceneManager.h">
      <Filter>Header Files\SceneManager</Filter>
    </ClInclude>
    <ClInclude Include="SceneManager\scGame.h">
      <Filter>Header Files\SceneManager</Filter>
    </ClInclude>
    <ClInclude Include="SceneManager\scGameOver.h">
      <Filter>Header Files\SceneManager</Filter>
    </ClInclude>
    <ClInclude Include="SceneManager\scIntro.h">
      <Filter>Header Files\SceneManager</Filter>
    </ClInclude>
    <ClInclude Include="SceneManager\scMenu.h">
      <Filter>Header Files\SceneManager</Filter>
    </ClInclude>
    <ClInclude Include="SceneManager\scene.h">
      <Filter>Header Files\SceneManager</Filter>
    </ClInclude>
  </ItemGroup>
  <ItemGroup>
    <Image Include="assets\player.png">
      <Filter>Resource Files</Filter>
    </Image>
  </ItemGroup>
</Project>